// !$*UTF8*$!
{
	archiveVersion = 1;
	classes = {
	};
	objectVersion = 50;
	objects = {

/* Begin PBXBuildFile section */
		3F91369FC24E88CC2DFACB80 /* Pods_ReswiftPlayground.framework in Frameworks */ = {isa = PBXBuildFile; fileRef = 686BB94064B651BCD13A3447 /* Pods_ReswiftPlayground.framework */; };
		59074A54220A0D89003FAA73 /* RandomColorRepository.swift in Sources */ = {isa = PBXBuildFile; fileRef = 59074A53220A0D89003FAA73 /* RandomColorRepository.swift */; };
		59074A56220A0E32003FAA73 /* UIColor+Ints.swift in Sources */ = {isa = PBXBuildFile; fileRef = 59074A55220A0E32003FAA73 /* UIColor+Ints.swift */; };
		59074A59220A0F9A003FAA73 /* ColorEpics.swift in Sources */ = {isa = PBXBuildFile; fileRef = 59074A58220A0F9A003FAA73 /* ColorEpics.swift */; };
		59B0724B2208F2ED00D321E3 /* combineEpics.swift in Sources */ = {isa = PBXBuildFile; fileRef = 59B0724A2208F2ED00D321E3 /* combineEpics.swift */; };
		59B0724D2208F3F900D321E3 /* createEpicMiddleware.swift in Sources */ = {isa = PBXBuildFile; fileRef = 59B0724C2208F3F900D321E3 /* createEpicMiddleware.swift */; };
		59B0724F2208F4A500D321E3 /* Epic.swift in Sources */ = {isa = PBXBuildFile; fileRef = 59B0724E2208F4A500D321E3 /* Epic.swift */; };
		59CE7EE72208D40000D45036 /* AppDelegate.swift in Sources */ = {isa = PBXBuildFile; fileRef = 59CE7EE62208D40000D45036 /* AppDelegate.swift */; };
		59CE7EE92208D40000D45036 /* ViewController.swift in Sources */ = {isa = PBXBuildFile; fileRef = 59CE7EE82208D40000D45036 /* ViewController.swift */; };
		59CE7EEC2208D40000D45036 /* Main.storyboard in Resources */ = {isa = PBXBuildFile; fileRef = 59CE7EEA2208D40000D45036 /* Main.storyboard */; };
		59CE7EEE2208D40200D45036 /* Assets.xcassets in Resources */ = {isa = PBXBuildFile; fileRef = 59CE7EED2208D40200D45036 /* Assets.xcassets */; };
		59CE7EF72208D5DF00D45036 /* Store.swift in Sources */ = {isa = PBXBuildFile; fileRef = 59CE7EF62208D5DF00D45036 /* Store.swift */; };
		59CE7EFC2208D62300D45036 /* RootReducer.swift in Sources */ = {isa = PBXBuildFile; fileRef = 59CE7EFB2208D62300D45036 /* RootReducer.swift */; };
		59CE7EFE2208D65D00D45036 /* RootState.swift in Sources */ = {isa = PBXBuildFile; fileRef = 59CE7EFD2208D65D00D45036 /* RootState.swift */; };
		59CE7F002208D67600D45036 /* CountState.swift in Sources */ = {isa = PBXBuildFile; fileRef = 59CE7EFF2208D67600D45036 /* CountState.swift */; };
		59CE7F022208D6FF00D45036 /* CountActions.swift in Sources */ = {isa = PBXBuildFile; fileRef = 59CE7F012208D6FF00D45036 /* CountActions.swift */; };
		59CE7F042208D91200D45036 /* CountReducer.swift in Sources */ = {isa = PBXBuildFile; fileRef = 59CE7F032208D91200D45036 /* CountReducer.swift */; };
		59CE7F062208DB3C00D45036 /* ColorState.swift in Sources */ = {isa = PBXBuildFile; fileRef = 59CE7F052208DB3C00D45036 /* ColorState.swift */; };
		59CE7F082208DB7700D45036 /* ColorActions.swift in Sources */ = {isa = PBXBuildFile; fileRef = 59CE7F072208DB7700D45036 /* ColorActions.swift */; };
		59CE7F0A2208DBA500D45036 /* ColorReducer.swift in Sources */ = {isa = PBXBuildFile; fileRef = 59CE7F092208DBA500D45036 /* ColorReducer.swift */; };
/* End PBXBuildFile section */

/* Begin PBXFileReference section */
		59074A53220A0D89003FAA73 /* RandomColorRepository.swift */ = {isa = PBXFileReference; lastKnownFileType = sourcecode.swift; path = RandomColorRepository.swift; sourceTree = "<group>"; };
		59074A55220A0E32003FAA73 /* UIColor+Ints.swift */ = {isa = PBXFileReference; lastKnownFileType = sourcecode.swift; path = "UIColor+Ints.swift"; sourceTree = "<group>"; };
		59074A58220A0F9A003FAA73 /* ColorEpics.swift */ = {isa = PBXFileReference; lastKnownFileType = sourcecode.swift; path = ColorEpics.swift; sourceTree = "<group>"; };
		59B0724A2208F2ED00D321E3 /* combineEpics.swift */ = {isa = PBXFileReference; lastKnownFileType = sourcecode.swift; path = combineEpics.swift; sourceTree = "<group>"; };
		59B0724C2208F3F900D321E3 /* createEpicMiddleware.swift */ = {isa = PBXFileReference; lastKnownFileType = sourcecode.swift; path = createEpicMiddleware.swift; sourceTree = "<group>"; };
		59B0724E2208F4A500D321E3 /* Epic.swift */ = {isa = PBXFileReference; lastKnownFileType = sourcecode.swift; path = Epic.swift; sourceTree = "<group>"; };
		59CE7EE32208D40000D45036 /* ReswiftPlayground.app */ = {isa = PBXFileReference; explicitFileType = wrapper.application; includeInIndex = 0; path = ReswiftPlayground.app; sourceTree = BUILT_PRODUCTS_DIR; };
		59CE7EE62208D40000D45036 /* AppDelegate.swift */ = {isa = PBXFileReference; lastKnownFileType = sourcecode.swift; path = AppDelegate.swift; sourceTree = "<group>"; };
		59CE7EE82208D40000D45036 /* ViewController.swift */ = {isa = PBXFileReference; lastKnownFileType = sourcecode.swift; path = ViewController.swift; sourceTree = "<group>"; };
		59CE7EEB2208D40000D45036 /* Base */ = {isa = PBXFileReference; lastKnownFileType = file.storyboard; name = Base; path = Base.lproj/Main.storyboard; sourceTree = "<group>"; };
		59CE7EED2208D40200D45036 /* Assets.xcassets */ = {isa = PBXFileReference; lastKnownFileType = folder.assetcatalog; path = Assets.xcassets; sourceTree = "<group>"; };
		59CE7EEF2208D40200D45036 /* Info.plist */ = {isa = PBXFileReference; lastKnownFileType = text.plist.xml; path = Info.plist; sourceTree = "<group>"; };
		59CE7EF62208D5DF00D45036 /* Store.swift */ = {isa = PBXFileReference; lastKnownFileType = sourcecode.swift; path = Store.swift; sourceTree = "<group>"; };
		59CE7EFB2208D62300D45036 /* RootReducer.swift */ = {isa = PBXFileReference; lastKnownFileType = sourcecode.swift; path = RootReducer.swift; sourceTree = "<group>"; };
		59CE7EFD2208D65D00D45036 /* RootState.swift */ = {isa = PBXFileReference; lastKnownFileType = sourcecode.swift; path = RootState.swift; sourceTree = "<group>"; };
		59CE7EFF2208D67600D45036 /* CountState.swift */ = {isa = PBXFileReference; lastKnownFileType = sourcecode.swift; path = CountState.swift; sourceTree = "<group>"; };
		59CE7F012208D6FF00D45036 /* CountActions.swift */ = {isa = PBXFileReference; lastKnownFileType = sourcecode.swift; path = CountActions.swift; sourceTree = "<group>"; };
		59CE7F032208D91200D45036 /* CountReducer.swift */ = {isa = PBXFileReference; lastKnownFileType = sourcecode.swift; path = CountReducer.swift; sourceTree = "<group>"; };
		59CE7F052208DB3C00D45036 /* ColorState.swift */ = {isa = PBXFileReference; lastKnownFileType = sourcecode.swift; path = ColorState.swift; sourceTree = "<group>"; };
		59CE7F072208DB7700D45036 /* ColorActions.swift */ = {isa = PBXFileReference; lastKnownFileType = sourcecode.swift; path = ColorActions.swift; sourceTree = "<group>"; };
		59CE7F092208DBA500D45036 /* ColorReducer.swift */ = {isa = PBXFileReference; lastKnownFileType = sourcecode.swift; path = ColorReducer.swift; sourceTree = "<group>"; };
		686BB94064B651BCD13A3447 /* Pods_ReswiftPlayground.framework */ = {isa = PBXFileReference; explicitFileType = wrapper.framework; includeInIndex = 0; path = Pods_ReswiftPlayground.framework; sourceTree = BUILT_PRODUCTS_DIR; };
		7B0AA039602E5DF980F53F62 /* Pods-ReswiftPlayground.debug.xcconfig */ = {isa = PBXFileReference; includeInIndex = 1; lastKnownFileType = text.xcconfig; name = "Pods-ReswiftPlayground.debug.xcconfig"; path = "Pods/Target Support Files/Pods-ReswiftPlayground/Pods-ReswiftPlayground.debug.xcconfig"; sourceTree = "<group>"; };
		B00B334D6AAFC5247D4FB643 /* Pods-ReswiftPlayground.release.xcconfig */ = {isa = PBXFileReference; includeInIndex = 1; lastKnownFileType = text.xcconfig; name = "Pods-ReswiftPlayground.release.xcconfig"; path = "Pods/Target Support Files/Pods-ReswiftPlayground/Pods-ReswiftPlayground.release.xcconfig"; sourceTree = "<group>"; };
/* End PBXFileReference section */

/* Begin PBXFrameworksBuildPhase section */
		59CE7EE02208D40000D45036 /* Frameworks */ = {
			isa = PBXFrameworksBuildPhase;
			buildActionMask = 2147483647;
			files = (
				3F91369FC24E88CC2DFACB80 /* Pods_ReswiftPlayground.framework in Frameworks */,
			);
			runOnlyForDeploymentPostprocessing = 0;
		};
/* End PBXFrameworksBuildPhase section */

/* Begin PBXGroup section */
		59074A52220A0BDF003FAA73 /* Repository */ = {
			isa = PBXGroup;
			children = (
				59074A53220A0D89003FAA73 /* RandomColorRepository.swift */,
			);
			path = Repository;
			sourceTree = "<group>";
		};
		59074A57220A0F53003FAA73 /* Epics */ = {
			isa = PBXGroup;
			children = (
				59074A58220A0F9A003FAA73 /* ColorEpics.swift */,
			);
			path = Epics;
			sourceTree = "<group>";
		};
		59CE7EDA2208D40000D45036 = {
			isa = PBXGroup;
			children = (
				59CE7EE52208D40000D45036 /* ReswiftPlayground */,
				59CE7EE42208D40000D45036 /* Products */,
				FF0660E5044E0DF8F9571262 /* Pods */,
				942A0E988020B05EAD48F475 /* Frameworks */,
			);
			sourceTree = "<group>";
		};
		59CE7EE42208D40000D45036 /* Products */ = {
			isa = PBXGroup;
			children = (
				59CE7EE32208D40000D45036 /* ReswiftPlayground.app */,
			);
			name = Products;
			sourceTree = "<group>";
		};
		59CE7EE52208D40000D45036 /* ReswiftPlayground */ = {
			isa = PBXGroup;
			children = (
				59074A52220A0BDF003FAA73 /* Repository */,
				59CE7F0C2208E5CF00D45036 /* ReSwiftObservable */,
				59CE7EF52208D58C00D45036 /* ReSwift */,
				59CE7EE62208D40000D45036 /* AppDelegate.swift */,
				59CE7EE82208D40000D45036 /* ViewController.swift */,
				59CE7EEA2208D40000D45036 /* Main.storyboard */,
				59CE7EED2208D40200D45036 /* Assets.xcassets */,
				59CE7EEF2208D40200D45036 /* Info.plist */,
				59074A55220A0E32003FAA73 /* UIColor+Ints.swift */,
			);
			path = ReswiftPlayground;
			sourceTree = "<group>";
		};
		59CE7EF52208D58C00D45036 /* ReSwift */ = {
			isa = PBXGroup;
			children = (
				59074A57220A0F53003FAA73 /* Epics */,
				59CE7EFA2208D60900D45036 /* States */,
				59CE7EF92208D5FC00D45036 /* Actions */,
				59CE7EF82208D5F400D45036 /* Reducers */,
				59CE7EF62208D5DF00D45036 /* Store.swift */,
			);
			path = ReSwift;
			sourceTree = "<group>";
		};
		59CE7EF82208D5F400D45036 /* Reducers */ = {
			isa = PBXGroup;
			children = (
				59CE7EFB2208D62300D45036 /* RootReducer.swift */,
				59CE7F032208D91200D45036 /* CountReducer.swift */,
				59CE7F092208DBA500D45036 /* ColorReducer.swift */,
			);
			path = Reducers;
			sourceTree = "<group>";
		};
		59CE7EF92208D5FC00D45036 /* Actions */ = {
			isa = PBXGroup;
			children = (
				59CE7F012208D6FF00D45036 /* CountActions.swift */,
				59CE7F072208DB7700D45036 /* ColorActions.swift */,
			);
			path = Actions;
			sourceTree = "<group>";
		};
		59CE7EFA2208D60900D45036 /* States */ = {
			isa = PBXGroup;
			children = (
				59CE7EFD2208D65D00D45036 /* RootState.swift */,
				59CE7EFF2208D67600D45036 /* CountState.swift */,
				59CE7F052208DB3C00D45036 /* ColorState.swift */,
			);
			path = States;
			sourceTree = "<group>";
		};
		59CE7F0C2208E5CF00D45036 /* ReSwiftObservable */ = {
			isa = PBXGroup;
			children = (
				59B0724A2208F2ED00D321E3 /* combineEpics.swift */,
				59B0724C2208F3F900D321E3 /* createEpicMiddleware.swift */,
				59B0724E2208F4A500D321E3 /* Epic.swift */,
			);
			path = ReSwiftObservable;
			sourceTree = "<group>";
		};
		942A0E988020B05EAD48F475 /* Frameworks */ = {
			isa = PBXGroup;
			children = (
				686BB94064B651BCD13A3447 /* Pods_ReswiftPlayground.framework */,
			);
			name = Frameworks;
			sourceTree = "<group>";
		};
		FF0660E5044E0DF8F9571262 /* Pods */ = {
			isa = PBXGroup;
			children = (
				7B0AA039602E5DF980F53F62 /* Pods-ReswiftPlayground.debug.xcconfig */,
				B00B334D6AAFC5247D4FB643 /* Pods-ReswiftPlayground.release.xcconfig */,
			);
			name = Pods;
			sourceTree = "<group>";
		};
/* End PBXGroup section */

/* Begin PBXNativeTarget section */
		59CE7EE22208D40000D45036 /* ReswiftPlayground */ = {
			isa = PBXNativeTarget;
			buildConfigurationList = 59CE7EF22208D40200D45036 /* Build configuration list for PBXNativeTarget "ReswiftPlayground" */;
			buildPhases = (
				4140322C81C59899E180FDCD /* [CP] Check Pods Manifest.lock */,
				59CE7EDF2208D40000D45036 /* Sources */,
				59CE7EE02208D40000D45036 /* Frameworks */,
				59CE7EE12208D40000D45036 /* Resources */,
				B9F50B3A8D505728BF2EBBDA /* [CP] Embed Pods Frameworks */,
			);
			buildRules = (
			);
			dependencies = (
			);
			name = ReswiftPlayground;
			productName = ReswiftPlayground;
			productReference = 59CE7EE32208D40000D45036 /* ReswiftPlayground.app */;
			productType = "com.apple.product-type.application";
		};
/* End PBXNativeTarget section */

/* Begin PBXProject section */
		59CE7EDB2208D40000D45036 /* Project object */ = {
			isa = PBXProject;
			attributes = {
				LastSwiftUpdateCheck = 1010;
				LastUpgradeCheck = 1010;
				ORGANIZATIONNAME = Monscierge;
				TargetAttributes = {
					59CE7EE22208D40000D45036 = {
						CreatedOnToolsVersion = 10.1;
					};
				};
			};
			buildConfigurationList = 59CE7EDE2208D40000D45036 /* Build configuration list for PBXProject "ReswiftPlayground" */;
			compatibilityVersion = "Xcode 9.3";
			developmentRegion = en;
			hasScannedForEncodings = 0;
			knownRegions = (
				en,
				Base,
			);
			mainGroup = 59CE7EDA2208D40000D45036;
			productRefGroup = 59CE7EE42208D40000D45036 /* Products */;
			projectDirPath = "";
			projectRoot = "";
			targets = (
				59CE7EE22208D40000D45036 /* ReswiftPlayground */,
			);
		};
/* End PBXProject section */

/* Begin PBXResourcesBuildPhase section */
		59CE7EE12208D40000D45036 /* Resources */ = {
			isa = PBXResourcesBuildPhase;
			buildActionMask = 2147483647;
			files = (
				59CE7EEE2208D40200D45036 /* Assets.xcassets in Resources */,
				59CE7EEC2208D40000D45036 /* Main.storyboard in Resources */,
			);
			runOnlyForDeploymentPostprocessing = 0;
		};
/* End PBXResourcesBuildPhase section */

/* Begin PBXShellScriptBuildPhase section */
		4140322C81C59899E180FDCD /* [CP] Check Pods Manifest.lock */ = {
			isa = PBXShellScriptBuildPhase;
			buildActionMask = 2147483647;
			files = (
			);
			inputFileListPaths = (
			);
			inputPaths = (
				"${PODS_PODFILE_DIR_PATH}/Podfile.lock",
				"${PODS_ROOT}/Manifest.lock",
			);
			name = "[CP] Check Pods Manifest.lock";
			outputFileListPaths = (
			);
			outputPaths = (
				"$(DERIVED_FILE_DIR)/Pods-ReswiftPlayground-checkManifestLockResult.txt",
			);
			runOnlyForDeploymentPostprocessing = 0;
			shellPath = /bin/sh;
			shellScript = "diff \"${PODS_PODFILE_DIR_PATH}/Podfile.lock\" \"${PODS_ROOT}/Manifest.lock\" > /dev/null\nif [ $? != 0 ] ; then\n    # print error to STDERR\n    echo \"error: The sandbox is not in sync with the Podfile.lock. Run 'pod install' or update your CocoaPods installation.\" >&2\n    exit 1\nfi\n# This output is used by Xcode 'outputs' to avoid re-running this script phase.\necho \"SUCCESS\" > \"${SCRIPT_OUTPUT_FILE_0}\"\n";
			showEnvVarsInLog = 0;
		};
		B9F50B3A8D505728BF2EBBDA /* [CP] Embed Pods Frameworks */ = {
			isa = PBXShellScriptBuildPhase;
			buildActionMask = 2147483647;
			files = (
			);
			inputFileListPaths = (
			);
			inputPaths = (
				"${SRCROOT}/Pods/Target Support Files/Pods-ReswiftPlayground/Pods-ReswiftPlayground-frameworks.sh",
				"${BUILT_PRODUCTS_DIR}/ReSwift/ReSwift.framework",
				"${BUILT_PRODUCTS_DIR}/RxAtomic/RxAtomic.framework",
				"${BUILT_PRODUCTS_DIR}/RxCocoa/RxCocoa.framework",
				"${BUILT_PRODUCTS_DIR}/RxSwift/RxSwift.framework",
			);
			name = "[CP] Embed Pods Frameworks";
			outputFileListPaths = (
			);
			outputPaths = (
				"${TARGET_BUILD_DIR}/${FRAMEWORKS_FOLDER_PATH}/ReSwift.framework",
				"${TARGET_BUILD_DIR}/${FRAMEWORKS_FOLDER_PATH}/RxAtomic.framework",
				"${TARGET_BUILD_DIR}/${FRAMEWORKS_FOLDER_PATH}/RxCocoa.framework",
				"${TARGET_BUILD_DIR}/${FRAMEWORKS_FOLDER_PATH}/RxSwift.framework",
			);
			runOnlyForDeploymentPostprocessing = 0;
			shellPath = /bin/sh;
			shellScript = "\"${SRCROOT}/Pods/Target Support Files/Pods-ReswiftPlayground/Pods-ReswiftPlayground-frameworks.sh\"\n";
			showEnvVarsInLog = 0;
		};
/* End PBXShellScriptBuildPhase section */

/* Begin PBXSourcesBuildPhase section */
		59CE7EDF2208D40000D45036 /* Sources */ = {
			isa = PBXSourcesBuildPhase;
			buildActionMask = 2147483647;
			files = (
				59CE7F042208D91200D45036 /* CountReducer.swift in Sources */,
				59CE7F082208DB7700D45036 /* ColorActions.swift in Sources */,
				59CE7F022208D6FF00D45036 /* CountActions.swift in Sources */,
				59074A56220A0E32003FAA73 /* UIColor+Ints.swift in Sources */,
				59074A59220A0F9A003FAA73 /* ColorEpics.swift in Sources */,
				59CE7EFE2208D65D00D45036 /* RootState.swift in Sources */,
				59B0724D2208F3F900D321E3 /* createEpicMiddleware.swift in Sources */,
				59B0724F2208F4A500D321E3 /* Epic.swift in Sources */,
				59074A54220A0D89003FAA73 /* RandomColorRepository.swift in Sources */,
				59CE7F0A2208DBA500D45036 /* ColorReducer.swift in Sources */,
				59CE7EF72208D5DF00D45036 /* Store.swift in Sources */,
				59CE7EE92208D40000D45036 /* ViewController.swift in Sources */,
				59CE7EFC2208D62300D45036 /* RootReducer.swift in Sources */,
				59CE7EE72208D40000D45036 /* AppDelegate.swift in Sources */,
				59CE7F002208D67600D45036 /* CountState.swift in Sources */,
				59B0724B2208F2ED00D321E3 /* combineEpics.swift in Sources */,
				59CE7F062208DB3C00D45036 /* ColorState.swift in Sources */,
			);
			runOnlyForDeploymentPostprocessing = 0;
		};
/* End PBXSourcesBuildPhase section */

/* Begin PBXVariantGroup section */
		59CE7EEA2208D40000D45036 /* Main.storyboard */ = {
			isa = PBXVariantGroup;
			children = (
				59CE7EEB2208D40000D45036 /* Base */,
			);
			name = Main.storyboard;
			sourceTree = "<group>";
		};
/* End PBXVariantGroup section */

/* Begin XCBuildConfiguration section */
		59CE7EF02208D40200D45036 /* Debug */ = {
			isa = XCBuildConfiguration;
			buildSettings = {
				ALWAYS_SEARCH_USER_PATHS = NO;
				CLANG_ANALYZER_NONNULL = YES;
				CLANG_ANALYZER_NUMBER_OBJECT_CONVERSION = YES_AGGRESSIVE;
				CLANG_CXX_LANGUAGE_STANDARD = "gnu++14";
				CLANG_CXX_LIBRARY = "libc++";
				CLANG_ENABLE_MODULES = YES;
				CLANG_ENABLE_OBJC_ARC = YES;
				CLANG_ENABLE_OBJC_WEAK = YES;
				CLANG_WARN_BLOCK_CAPTURE_AUTORELEASING = YES;
				CLANG_WARN_BOOL_CONVERSION = YES;
				CLANG_WARN_COMMA = YES;
				CLANG_WARN_CONSTANT_CONVERSION = YES;
				CLANG_WARN_DEPRECATED_OBJC_IMPLEMENTATIONS = YES;
				CLANG_WARN_DIRECT_OBJC_ISA_USAGE = YES_ERROR;
				CLANG_WARN_DOCUMENTATION_COMMENTS = YES;
				CLANG_WARN_EMPTY_BODY = YES;
				CLANG_WARN_ENUM_CONVERSION = YES;
				CLANG_WARN_INFINITE_RECURSION = YES;
				CLANG_WARN_INT_CONVERSION = YES;
				CLANG_WARN_NON_LITERAL_NULL_CONVERSION = YES;
				CLANG_WARN_OBJC_IMPLICIT_RETAIN_SELF = YES;
				CLANG_WARN_OBJC_LITERAL_CONVERSION = YES;
				CLANG_WARN_OBJC_ROOT_CLASS = YES_ERROR;
				CLANG_WARN_RANGE_LOOP_ANALYSIS = YES;
				CLANG_WARN_STRICT_PROTOTYPES = YES;
				CLANG_WARN_SUSPICIOUS_MOVE = YES;
				CLANG_WARN_UNGUARDED_AVAILABILITY = YES_AGGRESSIVE;
				CLANG_WARN_UNREACHABLE_CODE = YES;
				CLANG_WARN__DUPLICATE_METHOD_MATCH = YES;
				COPY_PHASE_STRIP = NO;
				DEBUG_INFORMATION_FORMAT = dwarf;
				ENABLE_STRICT_OBJC_MSGSEND = YES;
				ENABLE_TESTABILITY = YES;
				GCC_C_LANGUAGE_STANDARD = gnu11;
				GCC_DYNAMIC_NO_PIC = NO;
				GCC_NO_COMMON_BLOCKS = YES;
				GCC_OPTIMIZATION_LEVEL = 0;
				GCC_PREPROCESSOR_DEFINITIONS = (
					"DEBUG=1",
					"$(inherited)",
				);
				GCC_WARN_64_TO_32_BIT_CONVERSION = YES;
				GCC_WARN_ABOUT_RETURN_TYPE = YES_ERROR;
				GCC_WARN_UNDECLARED_SELECTOR = YES;
				GCC_WARN_UNINITIALIZED_AUTOS = YES_AGGRESSIVE;
				GCC_WARN_UNUSED_FUNCTION = YES;
				GCC_WARN_UNUSED_VARIABLE = YES;
				MTL_ENABLE_DEBUG_INFO = INCLUDE_SOURCE;
				MTL_FAST_MATH = YES;
				ONLY_ACTIVE_ARCH = YES;
				SDKROOT = appletvos;
				SWIFT_ACTIVE_COMPILATION_CONDITIONS = DEBUG;
				SWIFT_OPTIMIZATION_LEVEL = "-Onone";
				TVOS_DEPLOYMENT_TARGET = 12.1;
			};
			name = Debug;
		};
		59CE7EF12208D40200D45036 /* Release */ = {
			isa = XCBuildConfiguration;
			buildSettings = {
				ALWAYS_SEARCH_USER_PATHS = NO;
				CLANG_ANALYZER_NONNULL = YES;
				CLANG_ANALYZER_NUMBER_OBJECT_CONVERSION = YES_AGGRESSIVE;
				CLANG_CXX_LANGUAGE_STANDARD = "gnu++14";
				CLANG_CXX_LIBRARY = "libc++";
				CLANG_ENABLE_MODULES = YES;
				CLANG_ENABLE_OBJC_ARC = YES;
				CLANG_ENABLE_OBJC_WEAK = YES;
				CLANG_WARN_BLOCK_CAPTURE_AUTORELEASING = YES;
				CLANG_WARN_BOOL_CONVERSION = YES;
				CLANG_WARN_COMMA = YES;
				CLANG_WARN_CONSTANT_CONVERSION = YES;
				CLANG_WARN_DEPRECATED_OBJC_IMPLEMENTATIONS = YES;
				CLANG_WARN_DIRECT_OBJC_ISA_USAGE = YES_ERROR;
				CLANG_WARN_DOCUMENTATION_COMMENTS = YES;
				CLANG_WARN_EMPTY_BODY = YES;
				CLANG_WARN_ENUM_CONVERSION = YES;
				CLANG_WARN_INFINITE_RECURSION = YES;
				CLANG_WARN_INT_CONVERSION = YES;
				CLANG_WARN_NON_LITERAL_NULL_CONVERSION = YES;
				CLANG_WARN_OBJC_IMPLICIT_RETAIN_SELF = YES;
				CLANG_WARN_OBJC_LITERAL_CONVERSION = YES;
				CLANG_WARN_OBJC_ROOT_CLASS = YES_ERROR;
				CLANG_WARN_RANGE_LOOP_ANALYSIS = YES;
				CLANG_WARN_STRICT_PROTOTYPES = YES;
				CLANG_WARN_SUSPICIOUS_MOVE = YES;
				CLANG_WARN_UNGUARDED_AVAILABILITY = YES_AGGRESSIVE;
				CLANG_WARN_UNREACHABLE_CODE = YES;
				CLANG_WARN__DUPLICATE_METHOD_MATCH = YES;
				COPY_PHASE_STRIP = NO;
				DEBUG_INFORMATION_FORMAT = "dwarf-with-dsym";
				ENABLE_NS_ASSERTIONS = NO;
				ENABLE_STRICT_OBJC_MSGSEND = YES;
				GCC_C_LANGUAGE_STANDARD = gnu11;
				GCC_NO_COMMON_BLOCKS = YES;
				GCC_WARN_64_TO_32_BIT_CONVERSION = YES;
				GCC_WARN_ABOUT_RETURN_TYPE = YES_ERROR;
				GCC_WARN_UNDECLARED_SELECTOR = YES;
				GCC_WARN_UNINITIALIZED_AUTOS = YES_AGGRESSIVE;
				GCC_WARN_UNUSED_FUNCTION = YES;
				GCC_WARN_UNUSED_VARIABLE = YES;
				MTL_ENABLE_DEBUG_INFO = NO;
				MTL_FAST_MATH = YES;
				SDKROOT = appletvos;
				SWIFT_COMPILATION_MODE = wholemodule;
				SWIFT_OPTIMIZATION_LEVEL = "-O";
				TVOS_DEPLOYMENT_TARGET = 12.1;
				VALIDATE_PRODUCT = YES;
			};
			name = Release;
		};
		59CE7EF32208D40200D45036 /* Debug */ = {
			isa = XCBuildConfiguration;
			baseConfigurationReference = 7B0AA039602E5DF980F53F62 /* Pods-ReswiftPlayground.debug.xcconfig */;
			buildSettings = {
				ASSETCATALOG_COMPILER_APPICON_NAME = "App Icon & Top Shelf Image";
				ASSETCATALOG_COMPILER_LAUNCHIMAGE_NAME = LaunchImage;
				CODE_SIGN_STYLE = Automatic;
				DEVELOPMENT_TEAM = FFB56TTU54;
				INFOPLIST_FILE = ReswiftPlayground/Info.plist;
				LD_RUNPATH_SEARCH_PATHS = (
					"$(inherited)",
					"@executable_path/Frameworks",
				);
				PRODUCT_BUNDLE_IDENTIFIER = com.monscierge.ReswiftPlayground.ReswiftPlayground;
				PRODUCT_NAME = "$(TARGET_NAME)";
				SWIFT_VERSION = 4.2;
				TARGETED_DEVICE_FAMILY = 3;
			};
			name = Debug;
		};
		59CE7EF42208D40200D45036 /* Release */ = {
			isa = XCBuildConfiguration;
			baseConfigurationReference = B00B334D6AAFC5247D4FB643 /* Pods-ReswiftPlayground.release.xcconfig */;
			buildSettings = {
				ASSETCATALOG_COMPILER_APPICON_NAME = "App Icon & Top Shelf Image";
				ASSETCATALOG_COMPILER_LAUNCHIMAGE_NAME = LaunchImage;
				CODE_SIGN_STYLE = Automatic;
				DEVELOPMENT_TEAM = FFB56TTU54;
				INFOPLIST_FILE = ReswiftPlayground/Info.plist;
				LD_RUNPATH_SEARCH_PATHS = (
					"$(inherited)",
					"@executable_path/Frameworks",
				);
				PRODUCT_BUNDLE_IDENTIFIER = com.monscierge.ReswiftPlayground.ReswiftPlayground;
				PRODUCT_NAME = "$(TARGET_NAME)";
				SWIFT_VERSION = 4.2;
				TARGETED_DEVICE_FAMILY = 3;
			};
			name = Release;
		};
/* End XCBuildConfiguration section */

/* Begin XCConfigurationList section */
		59CE7EDE2208D40000D45036 /* Build configuration list for PBXProject "ReswiftPlayground" */ = {
			isa = XCConfigurationList;
			buildConfigurations = (
				59CE7EF02208D40200D45036 /* Debug */,
				59CE7EF12208D40200D45036 /* Release */,
			);
			defaultConfigurationIsVisible = 0;
			defaultConfigurationName = Release;
		};
		59CE7EF22208D40200D45036 /* Build configuration list for PBXNativeTarget "ReswiftPlayground" */ = {
			isa = XCConfigurationList;
			buildConfigurations = (
				59CE7EF32208D40200D45036 /* Debug */,
				59CE7EF42208D40200D45036 /* Release */,
			);
			defaultConfigurationIsVisible = 0;
			defaultConfigurationName = Release;
		};
/* End XCConfigurationList section */
	};
	rootObject = 59CE7EDB2208D40000D45036 /* Project object */;
}
